
Microsoft Visual Studio Solution File, Format Version 12.00
# Visual Studio Version 17
VisualStudioVersion = 17.14.37502.11 d17.14
MinimumVisualStudioVersion = 10.0.40219.1
Project("{8BC9CEB8-8B4A-11D0-8D11-00A0C91BC942}") = "Project 1 Bank System Management", "Project 1 Bank System Management\Project 1 Bank System Management.vcxproj", "{AFA3E1AD-6BB7-4119-A3BB-AFE6970FB544}"
EndProject
Global
	GlobalSection(SolutionConfigurationPlatforms) = preSolution
		Debug|x64 = Debug|x64
		Debug|x86 = Debug|x86
		Release|x64 = Release|x64
		Release|x86 = Release|x86
	EndGlobalSection
	GlobalSection(ProjectConfigurationPlatforms) = postSolution
		{AFA3E1AD-6BB7-4119-A3BB-AFE6970FB544}.Debug|x64.ActiveCfg = Debug|x64
		{AFA3E1AD-6BB7-4119-A3BB-AFE6970FB544}.Debug|x64.Build.0 = Debug|x64
		{AFA3E1AD-6BB7-4119-A3BB-AFE6970FB544}.Debug|x86.ActiveCfg = Debug|Win32
		{AFA3E1AD-6BB7-4119-A3BB-AFE6970FB544}.Debug|x86.Build.0 = Debug|Win32
		{AFA3E1AD-6BB7-4119-A3BB-AFE6970FB544}.Release|x64.ActiveCfg = Release|x64
		{AFA3E1AD-6BB7-4119-A3BB-AFE6970FB544}.Release|x64.Build.0 = Release|x64
		{AFA3E1AD-6BB7-4119-A3BB-AFE6970FB544}.Release|x86.ActiveCfg = Release|Win32
		{AFA3E1AD-6BB7-4119-A3BB-AFE6970FB544}.Release|x86.Build.0 = Release|Win32
	EndGlobalSection
	GlobalSection(SolutionProperties) = preSolution
		HideSolutionNode = FALSE
	EndGlobalSection
	GlobalSection(ExtensibilityGlobals) = postSolution
		SolutionGuid = {65143219-A562-4B04-B81C-B9E0D30025F0}
	EndGlobalSection
EndGlobal
